
Microsoft Visual Studio Solution File, Format Version 12.00
# Visual Studio Version 17
VisualStudioVersion = 17.13.35818.85
MinimumVisualStudioVersion = 10.0.40219.1
Project("{FAE04EC0-301F-11D3-BF4B-00C04F79EFBC}") = "Memos", "MemosApp\Memos.csproj", "{DA4F5B5F-C39F-472A-AA4D-C09D057189A1}"
EndProject
Global
	GlobalSection(SolutionConfigurationPlatforms) = preSolution
		Debug|Any CPU = Debug|Any CPU
		Release|Any CPU = Release|Any CPU
	EndGlobalSection
	GlobalSection(ProjectConfigurationPlatforms) = postSolution
		{DA4F5B5F-C39F-472A-AA4D-C09D057189A1}.Debug|Any CPU.ActiveCfg = Debug|Any CPU
		{DA4F5B5F-C39F-472A-AA4D-C09D057189A1}.Debug|Any CPU.Build.0 = Debug|Any CPU
		{DA4F5B5F-C39F-472A-AA4D-C09D057189A1}.Release|Any CPU.ActiveCfg = Release|Any CPU
		{DA4F5B5F-C39F-472A-AA4D-C09D057189A1}.Release|Any CPU.Build.0 = Release|Any CPU
	EndGlobalSection
	GlobalSection(SolutionProperties) = preSolution
		HideSolutionNode = FALSE
	EndGlobalSection
	GlobalSection(ExtensibilityGlobals) = postSolution
		SolutionGuid = {94AF99D2-06CA-4AD0-A40A-D1B87DFA16A1}
	EndGlobalSection
EndGlobal
